
Microsoft Visual Studio Solution File, Format Version 12.00
# Visual Studio 14
VisualStudioVersion = 14.0.25420.1
MinimumVisualStudioVersion = 10.0.40219.1
Project("{2150E333-8FDC-42A3-9474-1A3956D46DE8}") = ".nuget", ".nuget", "{D5D39E3A-817F-42A4-9ADA-50A80A344D45}"
	ProjectSection(SolutionItems) = preProject
		.nuget\NuGet.Config = .nuget\NuGet.Config
		.nuget\NuGet.exe = .nuget\NuGet.exe
		.nuget\NuGet.targets = .nuget\NuGet.targets
	EndProjectSection
EndProject
Project("{2150E333-8FDC-42A3-9474-1A3956D46DE8}") = "Solution Items", "Solution Items", "{82EEB029-F62A-477D-9D99-54A978ADCD13}"
	ProjectSection(SolutionItems) = preProject
		local.runsettings = local.runsettings
		..\..\Users\u1hc409\Documents\Visual Studio 2013\Projects\TFSQueryApp\TFSQueryApp\test.ico = ..\..\Users\u1hc409\Documents\Visual Studio 2013\Projects\TFSQueryApp\TFSQueryApp\test.ico
		VM Test Automation Framework v3 - Test Engineers' Guide.docx = VM Test Automation Framework v3 - Test Engineers' Guide.docx
	EndProjectSection
EndProject
Project("{2150E333-8FDC-42A3-9474-1A3956D46DE8}") = "Src", "Src", "{6DE636A4-7D37-4EF2-8820-44A348C3A246}"
EndProject
Project("{2150E333-8FDC-42A3-9474-1A3956D46DE8}") = "Tests", "Tests", "{59CAFE91-FB93-49D5-92D2-2F64A1EFAACA}"
EndProject
Project("{FAE04EC0-301F-11D3-BF4B-00C04F79EFBC}") = "Framework.Core", "Src\Framework.Core\Framework.Core.csproj", "{8EB65435-A760-46B8-A99E-23720E06037E}"
EndProject
Project("{FAE04EC0-301F-11D3-BF4B-00C04F79EFBC}") = "Framework.Extensions", "Src\Framework.Extensions\Framework.Extensions.csproj", "{AFBDA828-50DF-41B8-81F6-DFE33DA46198}"
EndProject
Project("{FAE04EC0-301F-11D3-BF4B-00C04F79EFBC}") = "Framework.Adapters.Selenium", "Src\Framework.Adapters.Selenium\Framework.Adapters.Selenium.csproj", "{24B3760C-F2CB-438E-AEC9-406F62B75DA5}"
EndProject
Project("{FAE04EC0-301F-11D3-BF4B-00C04F79EFBC}") = "Framework.UIAutomation", "Src\Framework.UIAutomation\Framework.UIAutomation.csproj", "{7A498FB2-C4D3-477A-82A3-FA5DE7290349}"
EndProject
Project("{F088123C-0E9E-452A-89E6-6BA2F21D5CAC}") = "Model", "Model\Model.modelproj", "{115A05F6-EA87-40A5-80B4-7EA4FEE4DB48}"
EndProject
Project("{FAE04EC0-301F-11D3-BF4B-00C04F79EFBC}") = "Framework.Tests", "Tests\Framework.Tests\Framework.Tests.csproj", "{093751C3-6E6D-4F9D-90F3-26F7BCBEBBDF}"
EndProject
Project("{FAE04EC0-301F-11D3-BF4B-00C04F79EFBC}") = "Framework.Adapters.Local", "Src\Framework.Adapters.Local\Framework.Adapters.Local.csproj", "{AE8A8357-8E61-4C25-B854-F4CC7A346B15}"
EndProject
Project("{2150E333-8FDC-42A3-9474-1A3956D46DE8}") = "Database", "Database", "{4AFA2388-CE7D-4334-BBC2-534AFBBC5C0E}"
	ProjectSection(SolutionItems) = preProject
		..\..\Program Files\Microsoft SQL Server\MSSQL12.SQLEXPRESS\MSSQL\DATA\UmbrellaTestDb.mdf = ..\..\Program Files\Microsoft SQL Server\MSSQL12.SQLEXPRESS\MSSQL\DATA\UmbrellaTestDb.mdf
		..\..\Program Files\Microsoft SQL Server\MSSQL12.SQLEXPRESS\MSSQL\DATA\UmbrellaTestDb_log.ldf = ..\..\Program Files\Microsoft SQL Server\MSSQL12.SQLEXPRESS\MSSQL\DATA\UmbrellaTestDb_log.ldf
	EndProjectSection
EndProject
Project("{2150E333-8FDC-42A3-9474-1A3956D46DE8}") = "DBLatest", "DBLatest", "{4F80AE3B-75BA-47D3-97E8-398E09E63EBF}"
	ProjectSection(SolutionItems) = preProject
		..\..\Latest\UmbrellaTestDb.mdf = ..\..\Latest\UmbrellaTestDb.mdf
		..\..\Latest\UmbrellaTestDb_log.ldf = ..\..\Latest\UmbrellaTestDb_log.ldf
	EndProjectSection
EndProject
Project("{FAE04EC0-301F-11D3-BF4B-00C04F79EFBC}") = "UIDesign", "UIDesign\UIDesign\UIDesign.csproj", "{57A41893-25F0-4904-B116-F72317346A05}"
EndProject
Project("{FAE04EC0-301F-11D3-BF4B-00C04F79EFBC}") = "VM.WebServices.TestAutomationFramework", "APIAutomation\VM.WebServices.TestAutomationFramework\VM.WebServices.TestAutomationFramework.csproj", "{A35A2E97-2F04-4B20-BD4C-9947E6C2561D}"
EndProject
Project("{6141683F-8A12-4E36-9623-2EB02B2C2303}") = "V4UIAutomation", "V4UIAutomation\V4UIAutomation.isproj", "{01D5FD6C-8DB0-419E-819F-5B603BA16021}"
EndProject
Project("{FAE04EC0-301F-11D3-BF4B-00C04F79EFBC}") = "Framework.SikuliAutomation", "Framework.SikuliAutomation\Framework.SikuliAutomation.csproj", "{75250126-C7CE-45E6-82E2-7D5045107609}"
EndProject
Global
	GlobalSection(SolutionConfigurationPlatforms) = preSolution
		CD_ROM|Any CPU = CD_ROM|Any CPU
		CD_ROM|x86 = CD_ROM|x86
		Debug|Any CPU = Debug|Any CPU
		Debug|x86 = Debug|x86
		DVD-5|Any CPU = DVD-5|Any CPU
		DVD-5|x86 = DVD-5|x86
		Release|Any CPU = Release|Any CPU
		Release|x86 = Release|x86
		SingleImage|Any CPU = SingleImage|Any CPU
		SingleImage|x86 = SingleImage|x86
	EndGlobalSection
	GlobalSection(ProjectConfigurationPlatforms) = postSolution
		{8EB65435-A760-46B8-A99E-23720E06037E}.CD_ROM|Any CPU.ActiveCfg = Release|Any CPU
		{8EB65435-A760-46B8-A99E-23720E06037E}.CD_ROM|Any CPU.Build.0 = Release|Any CPU
		{8EB65435-A760-46B8-A99E-23720E06037E}.CD_ROM|x86.ActiveCfg = Release|x86
		{8EB65435-A760-46B8-A99E-23720E06037E}.CD_ROM|x86.Build.0 = Release|x86
		{8EB65435-A760-46B8-A99E-23720E06037E}.Debug|Any CPU.ActiveCfg = Debug|Any CPU
		{8EB65435-A760-46B8-A99E-23720E06037E}.Debug|Any CPU.Build.0 = Debug|Any CPU
		{8EB65435-A760-46B8-A99E-23720E06037E}.Debug|x86.ActiveCfg = Debug|Any CPU
		{8EB65435-A760-46B8-A99E-23720E06037E}.DVD-5|Any CPU.ActiveCfg = Debug|Any CPU
		{8EB65435-A760-46B8-A99E-23720E06037E}.DVD-5|Any CPU.Build.0 = Debug|Any CPU
		{8EB65435-A760-46B8-A99E-23720E06037E}.DVD-5|x86.ActiveCfg = Debug|x86
		{8EB65435-A760-46B8-A99E-23720E06037E}.DVD-5|x86.Build.0 = Debug|x86
		{8EB65435-A760-46B8-A99E-23720E06037E}.Release|Any CPU.ActiveCfg = Release|Any CPU
		{8EB65435-A760-46B8-A99E-23720E06037E}.Release|Any CPU.Build.0 = Release|Any CPU
		{8EB65435-A760-46B8-A99E-23720E06037E}.Release|x86.ActiveCfg = Release|Any CPU
		{8EB65435-A760-46B8-A99E-23720E06037E}.SingleImage|Any CPU.ActiveCfg = Release|Any CPU
		{8EB65435-A760-46B8-A99E-23720E06037E}.SingleImage|Any CPU.Build.0 = Release|Any CPU
		{8EB65435-A760-46B8-A99E-23720E06037E}.SingleImage|x86.ActiveCfg = Release|x86
		{8EB65435-A760-46B8-A99E-23720E06037E}.SingleImage|x86.Build.0 = Release|x86
		{AFBDA828-50DF-41B8-81F6-DFE33DA46198}.CD_ROM|Any CPU.ActiveCfg = Release|Any CPU
		{AFBDA828-50DF-41B8-81F6-DFE33DA46198}.CD_ROM|Any CPU.Build.0 = Release|Any CPU
		{AFBDA828-50DF-41B8-81F6-DFE33DA46198}.CD_ROM|x86.ActiveCfg = Release|Any CPU
		{AFBDA828-50DF-41B8-81F6-DFE33DA46198}.Debug|Any CPU.ActiveCfg = Debug|Any CPU
		{AFBDA828-50DF-41B8-81F6-DFE33DA46198}.Debug|Any CPU.Build.0 = Debug|Any CPU
		{AFBDA828-50DF-41B8-81F6-DFE33DA46198}.Debug|x86.ActiveCfg = Debug|Any CPU
		{AFBDA828-50DF-41B8-81F6-DFE33DA46198}.DVD-5|Any CPU.ActiveCfg = Debug|Any CPU
		{AFBDA828-50DF-41B8-81F6-DFE33DA46198}.DVD-5|Any CPU.Build.0 = Debug|Any CPU
		{AFBDA828-50DF-41B8-81F6-DFE33DA46198}.DVD-5|x86.ActiveCfg = Debug|Any CPU
		{AFBDA828-50DF-41B8-81F6-DFE33DA46198}.Release|Any CPU.ActiveCfg = Release|Any CPU
		{AFBDA828-50DF-41B8-81F6-DFE33DA46198}.Release|Any CPU.Build.0 = Release|Any CPU
		{AFBDA828-50DF-41B8-81F6-DFE33DA46198}.Release|x86.ActiveCfg = Release|Any CPU
		{AFBDA828-50DF-41B8-81F6-DFE33DA46198}.SingleImage|Any CPU.ActiveCfg = Release|Any CPU
		{AFBDA828-50DF-41B8-81F6-DFE33DA46198}.SingleImage|Any CPU.Build.0 = Release|Any CPU
		{AFBDA828-50DF-41B8-81F6-DFE33DA46198}.SingleImage|x86.ActiveCfg = Release|Any CPU
		{24B3760C-F2CB-438E-AEC9-406F62B75DA5}.CD_ROM|Any CPU.ActiveCfg = Release|Any CPU
		{24B3760C-F2CB-438E-AEC9-406F62B75DA5}.CD_ROM|Any CPU.Build.0 = Release|Any CPU
		{24B3760C-F2CB-438E-AEC9-406F62B75DA5}.CD_ROM|x86.ActiveCfg = Release|x86
		{24B3760C-F2CB-438E-AEC9-406F62B75DA5}.CD_ROM|x86.Build.0 = Release|x86
		{24B3760C-F2CB-438E-AEC9-406F62B75DA5}.Debug|Any CPU.ActiveCfg = Debug|Any CPU
		{24B3760C-F2CB-438E-AEC9-406F62B75DA5}.Debug|Any CPU.Build.0 = Debug|Any CPU
		{24B3760C-F2CB-438E-AEC9-406F62B75DA5}.Debug|x86.ActiveCfg = Debug|x86
		{24B3760C-F2CB-438E-AEC9-406F62B75DA5}.DVD-5|Any CPU.ActiveCfg = Debug|Any CPU
		{24B3760C-F2CB-438E-AEC9-406F62B75DA5}.DVD-5|Any CPU.Build.0 = Debug|Any CPU
		{24B3760C-F2CB-438E-AEC9-406F62B75DA5}.DVD-5|x86.ActiveCfg = Debug|x86
		{24B3760C-F2CB-438E-AEC9-406F62B75DA5}.DVD-5|x86.Build.0 = Debug|x86
		{24B3760C-F2CB-438E-AEC9-406F62B75DA5}.Release|Any CPU.ActiveCfg = Release|Any CPU
		{24B3760C-F2CB-438E-AEC9-406F62B75DA5}.Release|Any CPU.Build.0 = Release|Any CPU
		{24B3760C-F2CB-438E-AEC9-406F62B75DA5}.Release|x86.ActiveCfg = Release|Any CPU
		{24B3760C-F2CB-438E-AEC9-406F62B75DA5}.SingleImage|Any CPU.ActiveCfg = Release|Any CPU
		{24B3760C-F2CB-438E-AEC9-406F62B75DA5}.SingleImage|Any CPU.Build.0 = Release|Any CPU
		{24B3760C-F2CB-438E-AEC9-406F62B75DA5}.SingleImage|x86.ActiveCfg = Release|x86
		{24B3760C-F2CB-438E-AEC9-406F62B75DA5}.SingleImage|x86.Build.0 = Release|x86
		{7A498FB2-C4D3-477A-82A3-FA5DE7290349}.CD_ROM|Any CPU.ActiveCfg = Release|Any CPU
		{7A498FB2-C4D3-477A-82A3-FA5DE7290349}.CD_ROM|Any CPU.Build.0 = Release|Any CPU
		{7A498FB2-C4D3-477A-82A3-FA5DE7290349}.CD_ROM|x86.ActiveCfg = Release|Any CPU
		{7A498FB2-C4D3-477A-82A3-FA5DE7290349}.Debug|Any CPU.ActiveCfg = Debug|Any CPU
		{7A498FB2-C4D3-477A-82A3-FA5DE7290349}.Debug|Any CPU.Build.0 = Debug|Any CPU
		{7A498FB2-C4D3-477A-82A3-FA5DE7290349}.Debug|x86.ActiveCfg = Debug|Any CPU
		{7A498FB2-C4D3-477A-82A3-FA5DE7290349}.DVD-5|Any CPU.ActiveCfg = Debug|Any CPU
		{7A498FB2-C4D3-477A-82A3-FA5DE7290349}.DVD-5|Any CPU.Build.0 = Debug|Any CPU
		{7A498FB2-C4D3-477A-82A3-FA5DE7290349}.DVD-5|x86.ActiveCfg = Debug|Any CPU
		{7A498FB2-C4D3-477A-82A3-FA5DE7290349}.Release|Any CPU.ActiveCfg = Release|Any CPU
		{7A498FB2-C4D3-477A-82A3-FA5DE7290349}.Release|Any CPU.Build.0 = Release|Any CPU
		{7A498FB2-C4D3-477A-82A3-FA5DE7290349}.Release|x86.ActiveCfg = Release|Any CPU
		{7A498FB2-C4D3-477A-82A3-FA5DE7290349}.SingleImage|Any CPU.ActiveCfg = Release|Any CPU
		{7A498FB2-C4D3-477A-82A3-FA5DE7290349}.SingleImage|Any CPU.Build.0 = Release|Any CPU
		{7A498FB2-C4D3-477A-82A3-FA5DE7290349}.SingleImage|x86.ActiveCfg = Release|Any CPU
		{115A05F6-EA87-40A5-80B4-7EA4FEE4DB48}.CD_ROM|Any CPU.ActiveCfg = Release|Any CPU
		{115A05F6-EA87-40A5-80B4-7EA4FEE4DB48}.CD_ROM|Any CPU.Build.0 = Release|Any CPU
		{115A05F6-EA87-40A5-80B4-7EA4FEE4DB48}.CD_ROM|x86.ActiveCfg = Release|Any CPU
		{115A05F6-EA87-40A5-80B4-7EA4FEE4DB48}.Debug|Any CPU.ActiveCfg = Debug|Any CPU
		{115A05F6-EA87-40A5-80B4-7EA4FEE4DB48}.Debug|Any CPU.Build.0 = Debug|Any CPU
		{115A05F6-EA87-40A5-80B4-7EA4FEE4DB48}.Debug|x86.ActiveCfg = Debug|Any CPU
		{115A05F6-EA87-40A5-80B4-7EA4FEE4DB48}.DVD-5|Any CPU.ActiveCfg = Debug|Any CPU
		{115A05F6-EA87-40A5-80B4-7EA4FEE4DB48}.DVD-5|Any CPU.Build.0 = Debug|Any CPU
		{115A05F6-EA87-40A5-80B4-7EA4FEE4DB48}.DVD-5|x86.ActiveCfg = Debug|Any CPU
		{115A05F6-EA87-40A5-80B4-7EA4FEE4DB48}.Release|Any CPU.ActiveCfg = Release|Any CPU
		{115A05F6-EA87-40A5-80B4-7EA4FEE4DB48}.Release|Any CPU.Build.0 = Release|Any CPU
		{115A05F6-EA87-40A5-80B4-7EA4FEE4DB48}.Release|x86.ActiveCfg = Release|Any CPU
		{115A05F6-EA87-40A5-80B4-7EA4FEE4DB48}.SingleImage|Any CPU.ActiveCfg = Release|Any CPU
		{115A05F6-EA87-40A5-80B4-7EA4FEE4DB48}.SingleImage|Any CPU.Build.0 = Release|Any CPU
		{115A05F6-EA87-40A5-80B4-7EA4FEE4DB48}.SingleImage|x86.ActiveCfg = Release|Any CPU
		{093751C3-6E6D-4F9D-90F3-26F7BCBEBBDF}.CD_ROM|Any CPU.ActiveCfg = Release|Any CPU
		{093751C3-6E6D-4F9D-90F3-26F7BCBEBBDF}.CD_ROM|Any CPU.Build.0 = Release|Any CPU
		{093751C3-6E6D-4F9D-90F3-26F7BCBEBBDF}.CD_ROM|x86.ActiveCfg = Release|Any CPU
		{093751C3-6E6D-4F9D-90F3-26F7BCBEBBDF}.Debug|Any CPU.ActiveCfg = Debug|Any CPU
		{093751C3-6E6D-4F9D-90F3-26F7BCBEBBDF}.Debug|Any CPU.Build.0 = Debug|Any CPU
		{093751C3-6E6D-4F9D-90F3-26F7BCBEBBDF}.Debug|x86.ActiveCfg = Debug|Any CPU
		{093751C3-6E6D-4F9D-90F3-26F7BCBEBBDF}.DVD-5|Any CPU.ActiveCfg = Debug|Any CPU
		{093751C3-6E6D-4F9D-90F3-26F7BCBEBBDF}.DVD-5|Any CPU.Build.0 = Debug|Any CPU
		{093751C3-6E6D-4F9D-90F3-26F7BCBEBBDF}.DVD-5|x86.ActiveCfg = Debug|Any CPU
		{093751C3-6E6D-4F9D-90F3-26F7BCBEBBDF}.Release|Any CPU.ActiveCfg = Release|Any CPU
		{093751C3-6E6D-4F9D-90F3-26F7BCBEBBDF}.Release|Any CPU.Build.0 = Release|Any CPU
		{093751C3-6E6D-4F9D-90F3-26F7BCBEBBDF}.Release|x86.ActiveCfg = Release|Any CPU
		{093751C3-6E6D-4F9D-90F3-26F7BCBEBBDF}.SingleImage|Any CPU.ActiveCfg = Release|Any CPU
		{093751C3-6E6D-4F9D-90F3-26F7BCBEBBDF}.SingleImage|Any CPU.Build.0 = Release|Any CPU
		{093751C3-6E6D-4F9D-90F3-26F7BCBEBBDF}.SingleImage|x86.ActiveCfg = Release|Any CPU
		{AE8A8357-8E61-4C25-B854-F4CC7A346B15}.CD_ROM|Any CPU.ActiveCfg = Release|Any CPU
		{AE8A8357-8E61-4C25-B854-F4CC7A346B15}.CD_ROM|Any CPU.Build.0 = Release|Any CPU
		{AE8A8357-8E61-4C25-B854-F4CC7A346B15}.CD_ROM|x86.ActiveCfg = Release|Any CPU
		{AE8A8357-8E61-4C25-B854-F4CC7A346B15}.Debug|Any CPU.ActiveCfg = Debug|Any CPU
		{AE8A8357-8E61-4C25-B854-F4CC7A346B15}.Debug|Any CPU.Build.0 = Debug|Any CPU
		{AE8A8357-8E61-4C25-B854-F4CC7A346B15}.Debug|x86.ActiveCfg = Debug|Any CPU
		{AE8A8357-8E61-4C25-B854-F4CC7A346B15}.DVD-5|Any CPU.ActiveCfg = Debug|Any CPU
		{AE8A8357-8E61-4C25-B854-F4CC7A346B15}.DVD-5|Any CPU.Build.0 = Debug|Any CPU
		{AE8A8357-8E61-4C25-B854-F4CC7A346B15}.DVD-5|x86.ActiveCfg = Debug|Any CPU
		{AE8A8357-8E61-4C25-B854-F4CC7A346B15}.Release|Any CPU.ActiveCfg = Release|Any CPU
		{AE8A8357-8E61-4C25-B854-F4CC7A346B15}.Release|Any CPU.Build.0 = Release|Any CPU
		{AE8A8357-8E61-4C25-B854-F4CC7A346B15}.Release|x86.ActiveCfg = Release|Any CPU
		{AE8A8357-8E61-4C25-B854-F4CC7A346B15}.SingleImage|Any CPU.ActiveCfg = Release|Any CPU
		{AE8A8357-8E61-4C25-B854-F4CC7A346B15}.SingleImage|Any CPU.Build.0 = Release|Any CPU
		{AE8A8357-8E61-4C25-B854-F4CC7A346B15}.SingleImage|x86.ActiveCfg = Release|Any CPU
		{57A41893-25F0-4904-B116-F72317346A05}.CD_ROM|Any CPU.ActiveCfg = Release|Any CPU
		{57A41893-25F0-4904-B116-F72317346A05}.CD_ROM|Any CPU.Build.0 = Release|Any CPU
		{57A41893-25F0-4904-B116-F72317346A05}.CD_ROM|x86.ActiveCfg = Release|Any CPU
		{57A41893-25F0-4904-B116-F72317346A05}.Debug|Any CPU.ActiveCfg = Debug|Any CPU
		{57A41893-25F0-4904-B116-F72317346A05}.Debug|Any CPU.Build.0 = Debug|Any CPU
		{57A41893-25F0-4904-B116-F72317346A05}.Debug|x86.ActiveCfg = Debug|Any CPU
		{57A41893-25F0-4904-B116-F72317346A05}.DVD-5|Any CPU.ActiveCfg = Debug|Any CPU
		{57A41893-25F0-4904-B116-F72317346A05}.DVD-5|Any CPU.Build.0 = Debug|Any CPU
		{57A41893-25F0-4904-B116-F72317346A05}.DVD-5|x86.ActiveCfg = Debug|Any CPU
		{57A41893-25F0-4904-B116-F72317346A05}.Release|Any CPU.ActiveCfg = Release|Any CPU
		{57A41893-25F0-4904-B116-F72317346A05}.Release|Any CPU.Build.0 = Release|Any CPU
		{57A41893-25F0-4904-B116-F72317346A05}.Release|x86.ActiveCfg = Release|Any CPU
		{57A41893-25F0-4904-B116-F72317346A05}.SingleImage|Any CPU.ActiveCfg = Release|Any CPU
		{57A41893-25F0-4904-B116-F72317346A05}.SingleImage|Any CPU.Build.0 = Release|Any CPU
		{57A41893-25F0-4904-B116-F72317346A05}.SingleImage|x86.ActiveCfg = Release|Any CPU
		{A35A2E97-2F04-4B20-BD4C-9947E6C2561D}.CD_ROM|Any CPU.ActiveCfg = Release|Any CPU
		{A35A2E97-2F04-4B20-BD4C-9947E6C2561D}.CD_ROM|Any CPU.Build.0 = Release|Any CPU
		{A35A2E97-2F04-4B20-BD4C-9947E6C2561D}.CD_ROM|x86.ActiveCfg = Release|Any CPU
		{A35A2E97-2F04-4B20-BD4C-9947E6C2561D}.Debug|Any CPU.ActiveCfg = Debug|Any CPU
		{A35A2E97-2F04-4B20-BD4C-9947E6C2561D}.Debug|Any CPU.Build.0 = Debug|Any CPU
		{A35A2E97-2F04-4B20-BD4C-9947E6C2561D}.Debug|x86.ActiveCfg = Debug|Any CPU
		{A35A2E97-2F04-4B20-BD4C-9947E6C2561D}.DVD-5|Any CPU.ActiveCfg = Debug|Any CPU
		{A35A2E97-2F04-4B20-BD4C-9947E6C2561D}.DVD-5|Any CPU.Build.0 = Debug|Any CPU
		{A35A2E97-2F04-4B20-BD4C-9947E6C2561D}.DVD-5|x86.ActiveCfg = Debug|Any CPU
		{A35A2E97-2F04-4B20-BD4C-9947E6C2561D}.Release|Any CPU.ActiveCfg = Release|Any CPU
		{A35A2E97-2F04-4B20-BD4C-9947E6C2561D}.Release|Any CPU.Build.0 = Release|Any CPU
		{A35A2E97-2F04-4B20-BD4C-9947E6C2561D}.Release|x86.ActiveCfg = Release|Any CPU
		{A35A2E97-2F04-4B20-BD4C-9947E6C2561D}.SingleImage|Any CPU.ActiveCfg = Release|Any CPU
		{A35A2E97-2F04-4B20-BD4C-9947E6C2561D}.SingleImage|Any CPU.Build.0 = Release|Any CPU
		{A35A2E97-2F04-4B20-BD4C-9947E6C2561D}.SingleImage|x86.ActiveCfg = Release|Any CPU
		{01D5FD6C-8DB0-419E-819F-5B603BA16021}.CD_ROM|Any CPU.ActiveCfg = CD_ROM
		{01D5FD6C-8DB0-419E-819F-5B603BA16021}.CD_ROM|Any CPU.Build.0 = CD_ROM
		{01D5FD6C-8DB0-419E-819F-5B603BA16021}.CD_ROM|x86.ActiveCfg = CD_ROM
		{01D5FD6C-8DB0-419E-819F-5B603BA16021}.CD_ROM|x86.Build.0 = CD_ROM
		{01D5FD6C-8DB0-419E-819F-5B603BA16021}.Debug|Any CPU.ActiveCfg = DVD-5
		{01D5FD6C-8DB0-419E-819F-5B603BA16021}.Debug|Any CPU.Build.0 = DVD-5
		{01D5FD6C-8DB0-419E-819F-5B603BA16021}.Debug|x86.ActiveCfg = DVD-5
		{01D5FD6C-8DB0-419E-819F-5B603BA16021}.Debug|x86.Build.0 = DVD-5
		{01D5FD6C-8DB0-419E-819F-5B603BA16021}.DVD-5|Any CPU.ActiveCfg = DVD-5
		{01D5FD6C-8DB0-419E-819F-5B603BA16021}.DVD-5|Any CPU.Build.0 = DVD-5
		{01D5FD6C-8DB0-419E-819F-5B603BA16021}.DVD-5|x86.ActiveCfg = DVD-5
		{01D5FD6C-8DB0-419E-819F-5B603BA16021}.DVD-5|x86.Build.0 = DVD-5
		{01D5FD6C-8DB0-419E-819F-5B603BA16021}.Release|Any CPU.ActiveCfg = SingleImage
		{01D5FD6C-8DB0-419E-819F-5B603BA16021}.Release|Any CPU.Build.0 = SingleImage
		{01D5FD6C-8DB0-419E-819F-5B603BA16021}.Release|x86.ActiveCfg = SingleImage
		{01D5FD6C-8DB0-419E-819F-5B603BA16021}.Release|x86.Build.0 = SingleImage
		{01D5FD6C-8DB0-419E-819F-5B603BA16021}.SingleImage|Any CPU.ActiveCfg = SingleImage
		{01D5FD6C-8DB0-419E-819F-5B603BA16021}.SingleImage|Any CPU.Build.0 = SingleImage
		{01D5FD6C-8DB0-419E-819F-5B603BA16021}.SingleImage|x86.ActiveCfg = SingleImage
		{01D5FD6C-8DB0-419E-819F-5B603BA16021}.SingleImage|x86.Build.0 = SingleImage
		{75250126-C7CE-45E6-82E2-7D5045107609}.CD_ROM|Any CPU.ActiveCfg = Release|Any CPU
		{75250126-C7CE-45E6-82E2-7D5045107609}.CD_ROM|Any CPU.Build.0 = Release|Any CPU
		{75250126-C7CE-45E6-82E2-7D5045107609}.CD_ROM|x86.ActiveCfg = Release|Any CPU
		{75250126-C7CE-45E6-82E2-7D5045107609}.CD_ROM|x86.Build.0 = Release|Any CPU
		{75250126-C7CE-45E6-82E2-7D5045107609}.Debug|Any CPU.ActiveCfg = Debug|Any CPU
		{75250126-C7CE-45E6-82E2-7D5045107609}.Debug|Any CPU.Build.0 = Debug|Any CPU
		{75250126-C7CE-45E6-82E2-7D5045107609}.Debug|x86.ActiveCfg = Debug|Any CPU
		{75250126-C7CE-45E6-82E2-7D5045107609}.Debug|x86.Build.0 = Debug|Any CPU
		{75250126-C7CE-45E6-82E2-7D5045107609}.DVD-5|Any CPU.ActiveCfg = Debug|Any CPU
		{75250126-C7CE-45E6-82E2-7D5045107609}.DVD-5|Any CPU.Build.0 = Debug|Any CPU
		{75250126-C7CE-45E6-82E2-7D5045107609}.DVD-5|x86.ActiveCfg = Debug|Any CPU
		{75250126-C7CE-45E6-82E2-7D5045107609}.DVD-5|x86.Build.0 = Debug|Any CPU
		{75250126-C7CE-45E6-82E2-7D5045107609}.Release|Any CPU.ActiveCfg = Release|Any CPU
		{75250126-C7CE-45E6-82E2-7D5045107609}.Release|Any CPU.Build.0 = Release|Any CPU
		{75250126-C7CE-45E6-82E2-7D5045107609}.Release|x86.ActiveCfg = Release|Any CPU
		{75250126-C7CE-45E6-82E2-7D5045107609}.Release|x86.Build.0 = Release|Any CPU
		{75250126-C7CE-45E6-82E2-7D5045107609}.SingleImage|Any CPU.ActiveCfg = Release|Any CPU
		{75250126-C7CE-45E6-82E2-7D5045107609}.SingleImage|Any CPU.Build.0 = Release|Any CPU
		{75250126-C7CE-45E6-82E2-7D5045107609}.SingleImage|x86.ActiveCfg = Release|Any CPU
		{75250126-C7CE-45E6-82E2-7D5045107609}.SingleImage|x86.Build.0 = Release|Any CPU
	EndGlobalSection
	GlobalSection(SolutionProperties) = preSolution
		HideSolutionNode = FALSE
	EndGlobalSection
	GlobalSection(NestedProjects) = preSolution
		{8EB65435-A760-46B8-A99E-23720E06037E} = {6DE636A4-7D37-4EF2-8820-44A348C3A246}
		{AFBDA828-50DF-41B8-81F6-DFE33DA46198} = {6DE636A4-7D37-4EF2-8820-44A348C3A246}
		{24B3760C-F2CB-438E-AEC9-406F62B75DA5} = {6DE636A4-7D37-4EF2-8820-44A348C3A246}
		{7A498FB2-C4D3-477A-82A3-FA5DE7290349} = {6DE636A4-7D37-4EF2-8820-44A348C3A246}
		{093751C3-6E6D-4F9D-90F3-26F7BCBEBBDF} = {59CAFE91-FB93-49D5-92D2-2F64A1EFAACA}
		{AE8A8357-8E61-4C25-B854-F4CC7A346B15} = {6DE636A4-7D37-4EF2-8820-44A348C3A246}
		{75250126-C7CE-45E6-82E2-7D5045107609} = {6DE636A4-7D37-4EF2-8820-44A348C3A246}
	EndGlobalSection
EndGlobal
